
Microsoft Visual Studio Solution File, Format Version 12.00
# Visual Studio 15
VisualStudioVersion = 15.0.27004.2005
MinimumVisualStudioVersion = 10.0.40219.1
Project("{FAE04EC0-301F-11D3-BF4B-00C04F79EFBC}") = "ModbusExample", "ModbusExample\ModbusExample.csproj", "{E435D303-9700-4EE4-8A0B-351520723D19}"
EndProject
Global
	GlobalSection(SolutionConfigurationPlatforms) = preSolution
		Debug|Any CPU = Debug|Any CPU
		Release|Any CPU = Release|Any CPU
	EndGlobalSection
	GlobalSection(ProjectConfigurationPlatforms) = postSolution
		{E435D303-9700-4EE4-8A0B-351520723D19}.Debug|Any CPU.ActiveCfg = Debug|Any CPU
		{E435D303-9700-4EE4-8A0B-351520723D19}.Debug|Any CPU.Build.0 = Debug|Any CPU
		{E435D303-9700-4EE4-8A0B-351520723D19}.Release|Any CPU.ActiveCfg = Release|Any CPU
		{E435D303-9700-4EE4-8A0B-351520723D19}.Release|Any CPU.Build.0 = Release|Any CPU
	EndGlobalSection
	GlobalSection(SolutionProperties) = preSolution
		HideSolutionNode = FALSE
	EndGlobalSection
	GlobalSection(ExtensibilityGlobals) = postSolution
		SolutionGuid = {E126AB9C-BE08-4E47-9E9D-9F98562BFA36}
	EndGlobalSection
EndGlobal
